// !$*UTF8*$!
{
	archiveVersion = 1;
	classes = {
	};
	objectVersion = 46;
	objects = {

/* Begin PBXBuildFile section */
		939E85DE1AA0BEFB00E8CE7B /* GenerateThumbnailForURL.c in Sources */ = {isa = PBXBuildFile; fileRef = 939E85DD1AA0BEFB00E8CE7B /* GenerateThumbnailForURL.c */; };
		939E85E01AA0BEFB00E8CE7B /* GeneratePreviewForURL.c in Sources */ = {isa = PBXBuildFile; fileRef = 939E85DF1AA0BEFB00E8CE7B /* GeneratePreviewForURL.c */; };
		939E85E21AA0BEFB00E8CE7B /* main.c in Sources */ = {isa = PBXBuildFile; fileRef = 939E85E11AA0BEFB00E8CE7B /* main.c */; };
/* End PBXBuildFile section */

/* Begin PBXFileReference section */
		939E85D81AA0BEFB00E8CE7B /* CLJLook.qlgenerator */ = {isa = PBXFileReference; explicitFileType = wrapper.cfbundle; includeInIndex = 0; path = CLJLook.qlgenerator; sourceTree = BUILT_PRODUCTS_DIR; };
		939E85DC1AA0BEFB00E8CE7B /* Info.plist */ = {isa = PBXFileReference; lastKnownFileType = text.plist.xml; path = Info.plist; sourceTree = "<group>"; };
		939E85DD1AA0BEFB00E8CE7B /* GenerateThumbnailForURL.c */ = {isa = PBXFileReference; lastKnownFileType = sourcecode.c.c; path = GenerateThumbnailForURL.c; sourceTree = "<group>"; };
		939E85DF1AA0BEFB00E8CE7B /* GeneratePreviewForURL.c */ = {isa = PBXFileReference; lastKnownFileType = sourcecode.c.c; path = GeneratePreviewForURL.c; sourceTree = "<group>"; };
		939E85E11AA0BEFB00E8CE7B /* main.c */ = {isa = PBXFileReference; lastKnownFileType = sourcecode.c.c; path = main.c; sourceTree = "<group>"; };
/* End PBXFileReference section */

/* Begin PBXFrameworksBuildPhase section */
		939E85D41AA0BEFB00E8CE7B /* Frameworks */ = {
			isa = PBXFrameworksBuildPhase;
			buildActionMask = 2147483647;
			files = (
			);
			runOnlyForDeploymentPostprocessing = 0;
		};
/* End PBXFrameworksBuildPhase section */

/* Begin PBXGroup section */
		939E85CE1AA0BEFB00E8CE7B = {
			isa = PBXGroup;
			children = (
				939E85DA1AA0BEFB00E8CE7B /* CLJLook */,
				939E85D91AA0BEFB00E8CE7B /* Products */,
			);
			sourceTree = "<group>";
		};
		939E85D91AA0BEFB00E8CE7B /* Products */ = {
			isa = PBXGroup;
			children = (
				939E85D81AA0BEFB00E8CE7B /* CLJLook.qlgenerator */,
			);
			name = Products;
			sourceTree = "<group>";
		};
		939E85DA1AA0BEFB00E8CE7B /* CLJLook */ = {
			isa = PBXGroup;
			children = (
				939E85DD1AA0BEFB00E8CE7B /* GenerateThumbnailForURL.c */,
				939E85DF1AA0BEFB00E8CE7B /* GeneratePreviewForURL.c */,
				939E85E11AA0BEFB00E8CE7B /* main.c */,
				939E85DB1AA0BEFB00E8CE7B /* Supporting Files */,
			);
			path = CLJLook;
			sourceTree = "<group>";
		};
		939E85DB1AA0BEFB00E8CE7B /* Supporting Files */ = {
			isa = PBXGroup;
			children = (
				939E85DC1AA0BEFB00E8CE7B /* Info.plist */,
			);
			name = "Supporting Files";
			sourceTree = "<group>";
		};
/* End PBXGroup section */

/* Begin PBXHeadersBuildPhase section */
		939E85D51AA0BEFB00E8CE7B /* Headers */ = {
			isa = PBXHeadersBuildPhase;
			buildActionMask = 2147483647;
			files = (
			);
			runOnlyForDeploymentPostprocessing = 0;
		};
/* End PBXHeadersBuildPhase section */

/* Begin PBXNativeTarget section */
		939E85D71AA0BEFB00E8CE7B /* CLJLook */ = {
			isa = PBXNativeTarget;
			buildConfigurationList = 939E85E51AA0BEFB00E8CE7B /* Build configuration list for PBXNativeTarget "CLJLook" */;
			buildPhases = (
				939E85D31AA0BEFB00E8CE7B /* Sources */,
				939E85D41AA0BEFB00E8CE7B /* Frameworks */,
				939E85D51AA0BEFB00E8CE7B /* Headers */,
				939E85D61AA0BEFB00E8CE7B /* Resources */,
			);
			buildRules = (
			);
			dependencies = (
			);
			name = CLJLook;
			productName = CLJLook;
			productReference = 939E85D81AA0BEFB00E8CE7B /* CLJLook.qlgenerator */;
			productType = "com.apple.product-type.bundle";
		};
/* End PBXNativeTarget section */

/* Begin PBXProject section */
		939E85CF1AA0BEFB00E8CE7B /* Project object */ = {
			isa = PBXProject;
			attributes = {
				LastUpgradeCheck = 0610;
				ORGANIZATIONNAME = OPKoder;
				TargetAttributes = {
					939E85D71AA0BEFB00E8CE7B = {
						CreatedOnToolsVersion = 6.1.1;
					};
				};
			};
			buildConfigurationList = 939E85D21AA0BEFB00E8CE7B /* Build configuration list for PBXProject "CLJLook" */;
			compatibilityVersion = "Xcode 3.2";
			developmentRegion = English;
			hasScannedForEncodings = 0;
			knownRegions = (
				en,
			);
			mainGroup = 939E85CE1AA0BEFB00E8CE7B;
			productRefGroup = 939E85D91AA0BEFB00E8CE7B /* Products */;
			projectDirPath = "";
			projectRoot = "";
			targets = (
				939E85D71AA0BEFB00E8CE7B /* CLJLook */,
			);
		};
/* End PBXProject section */

/* Begin PBXResourcesBuildPhase section */
		939E85D61AA0BEFB00E8CE7B /* Resources */ = {
			isa = PBXResourcesBuildPhase;
			buildActionMask = 2147483647;
			files = (
			);
			runOnlyForDeploymentPostprocessing = 0;
		};
/* End PBXResourcesBuildPhase section */

/* Begin PBXSourcesBuildPhase section */
		939E85D31AA0BEFB00E8CE7B /* Sources */ = {
			isa = PBXSourcesBuildPhase;
			buildActionMask = 2147483647;
			files = (
				939E85DE1AA0BEFB00E8CE7B /* GenerateThumbnailForURL.c in Sources */,
				939E85E01AA0BEFB00E8CE7B /* GeneratePreviewForURL.c in Sources */,
				939E85E21AA0BEFB00E8CE7B /* main.c in Sources */,
			);
			runOnlyForDeploymentPostprocessing = 0;
		};
/* End PBXSourcesBuildPhase section */

/* Begin XCBuildConfiguration section */
		939E85E31AA0BEFB00E8CE7B /* Debug */ = {
			isa = XCBuildConfiguration;
			buildSettings = {
				ALWAYS_SEARCH_USER_PATHS = NO;
				CLANG_CXX_LANGUAGE_STANDARD = "gnu++0x";
				CLANG_CXX_LIBRARY = "libc++";
				CLANG_ENABLE_MODULES = YES;
				CLANG_ENABLE_OBJC_ARC = YES;
				CLANG_WARN_BOOL_CONVERSION = YES;
				CLANG_WARN_CONSTANT_CONVERSION = YES;
				CLANG_WARN_DIRECT_OBJC_ISA_USAGE = YES_ERROR;
				CLANG_WARN_EMPTY_BODY = YES;
				CLANG_WARN_ENUM_CONVERSION = YES;
				CLANG_WARN_INT_CONVERSION = YES;
				CLANG_WARN_OBJC_ROOT_CLASS = YES_ERROR;
				CLANG_WARN_UNREACHABLE_CODE = YES;
				CLANG_WARN__DUPLICATE_METHOD_MATCH = YES;
				COPY_PHASE_STRIP = NO;
				ENABLE_STRICT_OBJC_MSGSEND = YES;
				GCC_C_LANGUAGE_STANDARD = gnu99;
				GCC_DYNAMIC_NO_PIC = NO;
				GCC_OPTIMIZATION_LEVEL = 0;
				GCC_PREPROCESSOR_DEFINITIONS = (
					"DEBUG=1",
					"$(inherited)",
				);
				GCC_SYMBOLS_PRIVATE_EXTERN = NO;
				GCC_WARN_64_TO_32_BIT_CONVERSION = YES;
				GCC_WARN_ABOUT_RETURN_TYPE = YES_ERROR;
				GCC_WARN_UNDECLARED_SELECTOR = YES;
				GCC_WARN_UNINITIALIZED_AUTOS = YES_AGGRESSIVE;
				GCC_WARN_UNUSED_FUNCTION = YES;
				GCC_WARN_UNUSED_VARIABLE = YES;
				MACOSX_DEPLOYMENT_TARGET = 10.10;
				MTL_ENABLE_DEBUG_INFO = YES;
				ONLY_ACTIVE_ARCH = YES;
				SDKROOT = macosx;
			};
			name = Debug;
		};
		939E85E41AA0BEFB00E8CE7B /* Release */ = {
			isa = XCBuildConfiguration;
			buildSettings = {
				ALWAYS_SEARCH_USER_PATHS = NO;
				CLANG_CXX_LANGUAGE_STANDARD = "gnu++0x";
				CLANG_CXX_LIBRARY = "libc++";
				CLANG_ENABLE_MODULES = YES;
				CLANG_ENABLE_OBJC_ARC = YES;
				CLANG_WARN_BOOL_CONVERSION = YES;
				CLANG_WARN_CONSTANT_CONVERSION = YES;
				CLANG_WARN_DIRECT_OBJC_ISA_USAGE = YES_ERROR;
				CLANG_WARN_EMPTY_BODY = YES;
				CLANG_WARN_ENUM_CONVERSION = YES;
				CLANG_WARN_INT_CONVERSION = YES;
				CLANG_WARN_OBJC_ROOT_CLASS = YES_ERROR;
				CLANG_WARN_UNREACHABLE_CODE = YES;
				CLANG_WARN__DUPLICATE_METHOD_MATCH = YES;
				COPY_PHASE_STRIP = YES;
				DEBUG_INFORMATION_FORMAT = "dwarf-with-dsym";
				ENABLE_NS_ASSERTIONS = NO;
				ENABLE_STRICT_OBJC_MSGSEND = YES;
				GCC_C_LANGUAGE_STANDARD = gnu99;
				GCC_WARN_64_TO_32_BIT_CONVERSION = YES;
				GCC_WARN_ABOUT_RETURN_TYPE = YES_ERROR;
				GCC_WARN_UNDECLARED_SELECTOR = YES;
				GCC_WARN_UNINITIALIZED_AUTOS = YES_AGGRESSIVE;
				GCC_WARN_UNUSED_FUNCTION = YES;
				GCC_WARN_UNUSED_VARIABLE = YES;
				MACOSX_DEPLOYMENT_TARGET = 10.10;
				MTL_ENABLE_DEBUG_INFO = NO;
				SDKROOT = macosx;
			};
			name = Release;
		};
		939E85E61AA0BEFB00E8CE7B /* Debug */ = {
			isa = XCBuildConfiguration;
			buildSettings = {
				COMBINE_HIDPI_IMAGES = YES;
				INFOPLIST_FILE = CLJLook/Info.plist;
				INSTALL_PATH = /Library/QuickLook;
				PRODUCT_NAME = "$(TARGET_NAME)";
				WRAPPER_EXTENSION = qlgenerator;
			};
			name = Debug;
		};
		939E85E71AA0BEFB00E8CE7B /* Release */ = {
			isa = XCBuildConfiguration;
			buildSettings = {
				COMBINE_HIDPI_IMAGES = YES;
				INFOPLIST_FILE = CLJLook/Info.plist;
				INSTALL_PATH = /Library/QuickLook;
				PRODUCT_NAME = "$(TARGET_NAME)";
				WRAPPER_EXTENSION = qlgenerator;
			};
			name = Release;
		};
/* End XCBuildConfiguration section */

/* Begin XCConfigurationList section */
		939E85D21AA0BEFB00E8CE7B /* Build configuration list for PBXProject "CLJLook" */ = {
			isa = XCConfigurationList;
			buildConfigurations = (
				939E85E31AA0BEFB00E8CE7B /* Debug */,
				939E85E41AA0BEFB00E8CE7B /* Release */,
			);
			defaultConfigurationIsVisible = 0;
			defaultConfigurationName = Release;
		};
		939E85E51AA0BEFB00E8CE7B /* Build configuration list for PBXNativeTarget "CLJLook" */ = {
			isa = XCConfigurationList;
			buildConfigurations = (
				939E85E61AA0BEFB00E8CE7B /* Debug */,
				939E85E71AA0BEFB00E8CE7B /* Release */,
			);
			defaultConfigurationIsVisible = 0;
		};
/* End XCConfigurationList section */
	};
	rootObject = 939E85CF1AA0BEFB00E8CE7B /* Project object */;
}
